
Microsoft Visual Studio Solution File, Format Version 12.00
# Visual Studio Version 17
VisualStudioVersion = 17.0.31903.59
MinimumVisualStudioVersion = 10.0.40219.1
Project("{2150E333-8FDC-42A3-9474-1A3956D46DE8}") = "src", "src", "{827E0CD3-B72D-47B6-A68D-7590B98EB39B}"
EndProject
Project("{FAE04EC0-301F-11D3-BF4B-00C04F79EFBC}") = "fase-02-oo-sem-interface", "src\fase-02-oo-sem-interface\fase-02-oo-sem-interface.csproj", "{CA7D6171-07B3-4F5C-8C3E-B90FEE001EBA}"
EndProject
Project("{FAE04EC0-301F-11D3-BF4B-00C04F79EFBC}") = "fase-01-procedural", "src\fase-01-procedural\fase-01-procedural.csproj", "{7A7B4D0B-C500-4C47-B363-071F724DAD83}"
EndProject
Project("{FAE04EC0-301F-11D3-BF4B-00C04F79EFBC}") = "fase-03-com-interfaces", "src\fase-03-com-interfaces\fase-03-com-interfaces.csproj", "{95B30FE1-7EFC-4231-A6A3-EFECCA893E05}"
EndProject
Project("{FAE04EC0-301F-11D3-BF4B-00C04F79EFBC}") = "fase-04-repository-inmemory", "src\fase-04-repository-inmemory\fase-04-repository-inmemory.csproj", "{A912B405-FA1C-48DD-95B1-C2A48DF983FC}"
EndProject
Project("{FAE04EC0-301F-11D3-BF4B-00C04F79EFBC}") = "fase-05-repository-csv", "src\fase-05-repository-csv\fase-05-repository-csv.csproj", "{16A49F9D-36C5-4D50-AFB5-C0C4847FA6DC}"
EndProject
Global
	GlobalSection(SolutionConfigurationPlatforms) = preSolution
		Debug|Any CPU = Debug|Any CPU
		Debug|x64 = Debug|x64
		Debug|x86 = Debug|x86
		Release|Any CPU = Release|Any CPU
		Release|x64 = Release|x64
		Release|x86 = Release|x86
	EndGlobalSection
	GlobalSection(ProjectConfigurationPlatforms) = postSolution
		{CA7D6171-07B3-4F5C-8C3E-B90FEE001EBA}.Debug|Any CPU.ActiveCfg = Debug|Any CPU
		{CA7D6171-07B3-4F5C-8C3E-B90FEE001EBA}.Debug|Any CPU.Build.0 = Debug|Any CPU
		{CA7D6171-07B3-4F5C-8C3E-B90FEE001EBA}.Debug|x64.ActiveCfg = Debug|Any CPU
		{CA7D6171-07B3-4F5C-8C3E-B90FEE001EBA}.Debug|x64.Build.0 = Debug|Any CPU
		{CA7D6171-07B3-4F5C-8C3E-B90FEE001EBA}.Debug|x86.ActiveCfg = Debug|Any CPU
		{CA7D6171-07B3-4F5C-8C3E-B90FEE001EBA}.Debug|x86.Build.0 = Debug|Any CPU
		{CA7D6171-07B3-4F5C-8C3E-B90FEE001EBA}.Release|Any CPU.ActiveCfg = Release|Any CPU
		{CA7D6171-07B3-4F5C-8C3E-B90FEE001EBA}.Release|Any CPU.Build.0 = Release|Any CPU
		{CA7D6171-07B3-4F5C-8C3E-B90FEE001EBA}.Release|x64.ActiveCfg = Release|Any CPU
		{CA7D6171-07B3-4F5C-8C3E-B90FEE001EBA}.Release|x64.Build.0 = Release|Any CPU
		{CA7D6171-07B3-4F5C-8C3E-B90FEE001EBA}.Release|x86.ActiveCfg = Release|Any CPU
		{CA7D6171-07B3-4F5C-8C3E-B90FEE001EBA}.Release|x86.Build.0 = Release|Any CPU
		{7A7B4D0B-C500-4C47-B363-071F724DAD83}.Debug|Any CPU.ActiveCfg = Debug|Any CPU
		{7A7B4D0B-C500-4C47-B363-071F724DAD83}.Debug|Any CPU.Build.0 = Debug|Any CPU
		{7A7B4D0B-C500-4C47-B363-071F724DAD83}.Debug|x64.ActiveCfg = Debug|Any CPU
		{7A7B4D0B-C500-4C47-B363-071F724DAD83}.Debug|x64.Build.0 = Debug|Any CPU
		{7A7B4D0B-C500-4C47-B363-071F724DAD83}.Debug|x86.ActiveCfg = Debug|Any CPU
		{7A7B4D0B-C500-4C47-B363-071F724DAD83}.Debug|x86.Build.0 = Debug|Any CPU
		{7A7B4D0B-C500-4C47-B363-071F724DAD83}.Release|Any CPU.ActiveCfg = Release|Any CPU
		{7A7B4D0B-C500-4C47-B363-071F724DAD83}.Release|Any CPU.Build.0 = Release|Any CPU
		{7A7B4D0B-C500-4C47-B363-071F724DAD83}.Release|x64.ActiveCfg = Release|Any CPU
		{7A7B4D0B-C500-4C47-B363-071F724DAD83}.Release|x64.Build.0 = Release|Any CPU
		{7A7B4D0B-C500-4C47-B363-071F724DAD83}.Release|x86.ActiveCfg = Release|Any CPU
		{7A7B4D0B-C500-4C47-B363-071F724DAD83}.Release|x86.Build.0 = Release|Any CPU
		{95B30FE1-7EFC-4231-A6A3-EFECCA893E05}.Debug|Any CPU.ActiveCfg = Debug|Any CPU
		{95B30FE1-7EFC-4231-A6A3-EFECCA893E05}.Debug|Any CPU.Build.0 = Debug|Any CPU
		{95B30FE1-7EFC-4231-A6A3-EFECCA893E05}.Debug|x64.ActiveCfg = Debug|Any CPU
		{95B30FE1-7EFC-4231-A6A3-EFECCA893E05}.Debug|x64.Build.0 = Debug|Any CPU
		{95B30FE1-7EFC-4231-A6A3-EFECCA893E05}.Debug|x86.ActiveCfg = Debug|Any CPU
		{95B30FE1-7EFC-4231-A6A3-EFECCA893E05}.Debug|x86.Build.0 = Debug|Any CPU
		{95B30FE1-7EFC-4231-A6A3-EFECCA893E05}.Release|Any CPU.ActiveCfg = Release|Any CPU
		{95B30FE1-7EFC-4231-A6A3-EFECCA893E05}.Release|Any CPU.Build.0 = Release|Any CPU
		{95B30FE1-7EFC-4231-A6A3-EFECCA893E05}.Release|x64.ActiveCfg = Release|Any CPU
		{95B30FE1-7EFC-4231-A6A3-EFECCA893E05}.Release|x64.Build.0 = Release|Any CPU
		{95B30FE1-7EFC-4231-A6A3-EFECCA893E05}.Release|x86.ActiveCfg = Release|Any CPU
		{95B30FE1-7EFC-4231-A6A3-EFECCA893E05}.Release|x86.Build.0 = Release|Any CPU
		{A912B405-FA1C-48DD-95B1-C2A48DF983FC}.Debug|Any CPU.ActiveCfg = Debug|Any CPU
		{A912B405-FA1C-48DD-95B1-C2A48DF983FC}.Debug|Any CPU.Build.0 = Debug|Any CPU
		{A912B405-FA1C-48DD-95B1-C2A48DF983FC}.Debug|x64.ActiveCfg = Debug|Any CPU
		{A912B405-FA1C-48DD-95B1-C2A48DF983FC}.Debug|x64.Build.0 = Debug|Any CPU
		{A912B405-FA1C-48DD-95B1-C2A48DF983FC}.Debug|x86.ActiveCfg = Debug|Any CPU
		{A912B405-FA1C-48DD-95B1-C2A48DF983FC}.Debug|x86.Build.0 = Debug|Any CPU
		{A912B405-FA1C-48DD-95B1-C2A48DF983FC}.Release|Any CPU.ActiveCfg = Release|Any CPU
		{A912B405-FA1C-48DD-95B1-C2A48DF983FC}.Release|Any CPU.Build.0 = Release|Any CPU
		{A912B405-FA1C-48DD-95B1-C2A48DF983FC}.Release|x64.ActiveCfg = Release|Any CPU
		{A912B405-FA1C-48DD-95B1-C2A48DF983FC}.Release|x64.Build.0 = Release|Any CPU
		{A912B405-FA1C-48DD-95B1-C2A48DF983FC}.Release|x86.ActiveCfg = Release|Any CPU
		{A912B405-FA1C-48DD-95B1-C2A48DF983FC}.Release|x86.Build.0 = Release|Any CPU
		{16A49F9D-36C5-4D50-AFB5-C0C4847FA6DC}.Debug|Any CPU.ActiveCfg = Debug|Any CPU
		{16A49F9D-36C5-4D50-AFB5-C0C4847FA6DC}.Debug|Any CPU.Build.0 = Debug|Any CPU
		{16A49F9D-36C5-4D50-AFB5-C0C4847FA6DC}.Debug|x64.ActiveCfg = Debug|Any CPU
		{16A49F9D-36C5-4D50-AFB5-C0C4847FA6DC}.Debug|x64.Build.0 = Debug|Any CPU
		{16A49F9D-36C5-4D50-AFB5-C0C4847FA6DC}.Debug|x86.ActiveCfg = Debug|Any CPU
		{16A49F9D-36C5-4D50-AFB5-C0C4847FA6DC}.Debug|x86.Build.0 = Debug|Any CPU
		{16A49F9D-36C5-4D50-AFB5-C0C4847FA6DC}.Release|Any CPU.ActiveCfg = Release|Any CPU
		{16A49F9D-36C5-4D50-AFB5-C0C4847FA6DC}.Release|Any CPU.Build.0 = Release|Any CPU
		{16A49F9D-36C5-4D50-AFB5-C0C4847FA6DC}.Release|x64.ActiveCfg = Release|Any CPU
		{16A49F9D-36C5-4D50-AFB5-C0C4847FA6DC}.Release|x64.Build.0 = Release|Any CPU
		{16A49F9D-36C5-4D50-AFB5-C0C4847FA6DC}.Release|x86.ActiveCfg = Release|Any CPU
		{16A49F9D-36C5-4D50-AFB5-C0C4847FA6DC}.Release|x86.Build.0 = Release|Any CPU
	EndGlobalSection
	GlobalSection(SolutionProperties) = preSolution
		HideSolutionNode = FALSE
	EndGlobalSection
	GlobalSection(NestedProjects) = preSolution
		{CA7D6171-07B3-4F5C-8C3E-B90FEE001EBA} = {827E0CD3-B72D-47B6-A68D-7590B98EB39B}
		{7A7B4D0B-C500-4C47-B363-071F724DAD83} = {827E0CD3-B72D-47B6-A68D-7590B98EB39B}
		{95B30FE1-7EFC-4231-A6A3-EFECCA893E05} = {827E0CD3-B72D-47B6-A68D-7590B98EB39B}
		{A912B405-FA1C-48DD-95B1-C2A48DF983FC} = {827E0CD3-B72D-47B6-A68D-7590B98EB39B}
		{16A49F9D-36C5-4D50-AFB5-C0C4847FA6DC} = {827E0CD3-B72D-47B6-A68D-7590B98EB39B}
	EndGlobalSection
EndGlobal
